
Microsoft Visual Studio Solution File, Format Version 12.00
# Visual Studio Version 17
VisualStudioVersion = 17.6.33829.357
MinimumVisualStudioVersion = 10.0.40219.1
Project("{FAE04EC0-301F-11D3-BF4B-00C04F79EFBC}") = "CachingExample", "CachingExample\CachingExample.csproj", "{DAE2F3A3-68B4-4443-BA30-1862080267F4}"
EndProject
Project("{FAE04EC0-301F-11D3-BF4B-00C04F79EFBC}") = "DataAccessLibrary", "DataAccessLibrary\DataAccessLibrary.csproj", "{5E100E40-8500-4972-9B27-55C5F2C4942C}"
EndProject
Global
	GlobalSection(SolutionConfigurationPlatforms) = preSolution
		Debug|Any CPU = Debug|Any CPU
		Release|Any CPU = Release|Any CPU
	EndGlobalSection
	GlobalSection(ProjectConfigurationPlatforms) = postSolution
		{DAE2F3A3-68B4-4443-BA30-1862080267F4}.Debug|Any CPU.ActiveCfg = Debug|Any CPU
		{DAE2F3A3-68B4-4443-BA30-1862080267F4}.Debug|Any CPU.Build.0 = Debug|Any CPU
		{DAE2F3A3-68B4-4443-BA30-1862080267F4}.Release|Any CPU.ActiveCfg = Release|Any CPU
		{DAE2F3A3-68B4-4443-BA30-1862080267F4}.Release|Any CPU.Build.0 = Release|Any CPU
		{5E100E40-8500-4972-9B27-55C5F2C4942C}.Debug|Any CPU.ActiveCfg = Debug|Any CPU
		{5E100E40-8500-4972-9B27-55C5F2C4942C}.Debug|Any CPU.Build.0 = Debug|Any CPU
		{5E100E40-8500-4972-9B27-55C5F2C4942C}.Release|Any CPU.ActiveCfg = Release|Any CPU
		{5E100E40-8500-4972-9B27-55C5F2C4942C}.Release|Any CPU.Build.0 = Release|Any CPU
	EndGlobalSection
	GlobalSection(SolutionProperties) = preSolution
		HideSolutionNode = FALSE
	EndGlobalSection
	GlobalSection(ExtensibilityGlobals) = postSolution
		SolutionGuid = {21DA4D4A-F527-4892-B8B1-13BF5D884AE8}
	EndGlobalSection
EndGlobal
